// !$*UTF8*$!
{
	archiveVersion = 1;
	classes = {
	};
	objectVersion = 55;
	objects = {

/* Begin PBXBuildFile section */
		931CC26728D15105006A7AA7 /* ExplorarCollectionViewTableViewCell.swift in Sources */ = {isa = PBXBuildFile; fileRef = 931CC26628D15105006A7AA7 /* ExplorarCollectionViewTableViewCell.swift */; };
		932CB72E28CB856700E2D8F8 /* AppDelegate.swift in Sources */ = {isa = PBXBuildFile; fileRef = 932CB72D28CB856700E2D8F8 /* AppDelegate.swift */; };
		932CB73028CB856700E2D8F8 /* SceneDelegate.swift in Sources */ = {isa = PBXBuildFile; fileRef = 932CB72F28CB856700E2D8F8 /* SceneDelegate.swift */; };
		932CB73228CB856700E2D8F8 /* MainTabBarViewController.swift in Sources */ = {isa = PBXBuildFile; fileRef = 932CB73128CB856700E2D8F8 /* MainTabBarViewController.swift */; };
		932CB73728CB856A00E2D8F8 /* Assets.xcassets in Resources */ = {isa = PBXBuildFile; fileRef = 932CB73628CB856A00E2D8F8 /* Assets.xcassets */; };
		932CB73A28CB856A00E2D8F8 /* LaunchScreen.storyboard in Resources */ = {isa = PBXBuildFile; fileRef = 932CB73828CB856A00E2D8F8 /* LaunchScreen.storyboard */; };
		936F7DA828CF546B000445E2 /* UIView+Preview.swift in Sources */ = {isa = PBXBuildFile; fileRef = 936F7DA728CF546B000445E2 /* UIView+Preview.swift */; };
		936F7DAA28CF5473000445E2 /* UIViewController+Preview.swift in Sources */ = {isa = PBXBuildFile; fileRef = 936F7DA928CF5473000445E2 /* UIViewController+Preview.swift */; };
		936F7DAD28CF6239000445E2 /* BuscarViewController.swift in Sources */ = {isa = PBXBuildFile; fileRef = 936F7DAC28CF6239000445E2 /* BuscarViewController.swift */; };
		936F7DAF28CF627C000445E2 /* ExplorarViewController.swift in Sources */ = {isa = PBXBuildFile; fileRef = 936F7DAE28CF627C000445E2 /* ExplorarViewController.swift */; };
		936F7DB128CF6287000445E2 /* SalvosViewController.swift in Sources */ = {isa = PBXBuildFile; fileRef = 936F7DB028CF6287000445E2 /* SalvosViewController.swift */; };
		93A3158328D0AFC800145AC8 /* ViewController.swift in Sources */ = {isa = PBXBuildFile; fileRef = 93A3158228D0AFC800145AC8 /* ViewController.swift */; };
/* End PBXBuildFile section */

/* Begin PBXFileReference section */
		931CC26628D15105006A7AA7 /* ExplorarCollectionViewTableViewCell.swift */ = {isa = PBXFileReference; lastKnownFileType = sourcecode.swift; path = ExplorarCollectionViewTableViewCell.swift; sourceTree = "<group>"; };
		932CB72A28CB856700E2D8F8 /* Zigzag.app */ = {isa = PBXFileReference; explicitFileType = wrapper.application; includeInIndex = 0; path = Zigzag.app; sourceTree = BUILT_PRODUCTS_DIR; };
		932CB72D28CB856700E2D8F8 /* AppDelegate.swift */ = {isa = PBXFileReference; lastKnownFileType = sourcecode.swift; path = AppDelegate.swift; sourceTree = "<group>"; };
		932CB72F28CB856700E2D8F8 /* SceneDelegate.swift */ = {isa = PBXFileReference; lastKnownFileType = sourcecode.swift; path = SceneDelegate.swift; sourceTree = "<group>"; };
		932CB73128CB856700E2D8F8 /* MainTabBarViewController.swift */ = {isa = PBXFileReference; lastKnownFileType = sourcecode.swift; path = MainTabBarViewController.swift; sourceTree = "<group>"; };
		932CB73628CB856A00E2D8F8 /* Assets.xcassets */ = {isa = PBXFileReference; lastKnownFileType = folder.assetcatalog; path = Assets.xcassets; sourceTree = "<group>"; };
		932CB73928CB856A00E2D8F8 /* Base */ = {isa = PBXFileReference; lastKnownFileType = file.storyboard; name = Base; path = Base.lproj/LaunchScreen.storyboard; sourceTree = "<group>"; };
		932CB73B28CB856A00E2D8F8 /* Info.plist */ = {isa = PBXFileReference; lastKnownFileType = text.plist.xml; path = Info.plist; sourceTree = "<group>"; };
		936F7DA728CF546B000445E2 /* UIView+Preview.swift */ = {isa = PBXFileReference; fileEncoding = 4; lastKnownFileType = sourcecode.swift; path = "UIView+Preview.swift"; sourceTree = "<group>"; };
		936F7DA928CF5473000445E2 /* UIViewController+Preview.swift */ = {isa = PBXFileReference; fileEncoding = 4; lastKnownFileType = sourcecode.swift; path = "UIViewController+Preview.swift"; sourceTree = "<group>"; };
		936F7DAC28CF6239000445E2 /* BuscarViewController.swift */ = {isa = PBXFileReference; lastKnownFileType = sourcecode.swift; path = BuscarViewController.swift; sourceTree = "<group>"; };
		936F7DAE28CF627C000445E2 /* ExplorarViewController.swift */ = {isa = PBXFileReference; lastKnownFileType = sourcecode.swift; path = ExplorarViewController.swift; sourceTree = "<group>"; };
		936F7DB028CF6287000445E2 /* SalvosViewController.swift */ = {isa = PBXFileReference; lastKnownFileType = sourcecode.swift; path = SalvosViewController.swift; sourceTree = "<group>"; };
		93A3158228D0AFC800145AC8 /* ViewController.swift */ = {isa = PBXFileReference; lastKnownFileType = sourcecode.swift; path = ViewController.swift; sourceTree = "<group>"; };
/* End PBXFileReference section */

/* Begin PBXFrameworksBuildPhase section */
		932CB72728CB856700E2D8F8 /* Frameworks */ = {
			isa = PBXFrameworksBuildPhase;
			buildActionMask = 2147483647;
			files = (
			);
			runOnlyForDeploymentPostprocessing = 0;
		};
/* End PBXFrameworksBuildPhase section */

/* Begin PBXGroup section */
		931CC26528D150CB006A7AA7 /* Views */ = {
			isa = PBXGroup;
			children = (
				931CC26628D15105006A7AA7 /* ExplorarCollectionViewTableViewCell.swift */,
			);
			path = Views;
			sourceTree = "<group>";
		};
		932CB72128CB856700E2D8F8 = {
			isa = PBXGroup;
			children = (
				932CB72C28CB856700E2D8F8 /* Zigzag */,
				932CB72B28CB856700E2D8F8 /* Products */,
			);
			sourceTree = "<group>";
		};
		932CB72B28CB856700E2D8F8 /* Products */ = {
			isa = PBXGroup;
			children = (
				932CB72A28CB856700E2D8F8 /* Zigzag.app */,
			);
			name = Products;
			sourceTree = "<group>";
		};
		932CB72C28CB856700E2D8F8 /* Zigzag */ = {
			isa = PBXGroup;
			children = (
				931CC26528D150CB006A7AA7 /* Views */,
				932CB72D28CB856700E2D8F8 /* AppDelegate.swift */,
				932CB72F28CB856700E2D8F8 /* SceneDelegate.swift */,
				936F7DAB28CF61B0000445E2 /* Controllers */,
				932CB73628CB856A00E2D8F8 /* Assets.xcassets */,
				932CB73828CB856A00E2D8F8 /* LaunchScreen.storyboard */,
				932CB73B28CB856A00E2D8F8 /* Info.plist */,
				936F7DA728CF546B000445E2 /* UIView+Preview.swift */,
				936F7DA928CF5473000445E2 /* UIViewController+Preview.swift */,
			);
			path = Zigzag;
			sourceTree = "<group>";
		};
		936F7DAB28CF61B0000445E2 /* Controllers */ = {
			isa = PBXGroup;
			children = (
				93A3158228D0AFC800145AC8 /* ViewController.swift */,
				932CB73128CB856700E2D8F8 /* MainTabBarViewController.swift */,
				936F7DAC28CF6239000445E2 /* BuscarViewController.swift */,
				936F7DAE28CF627C000445E2 /* ExplorarViewController.swift */,
				936F7DB028CF6287000445E2 /* SalvosViewController.swift */,
			);
			path = Controllers;
			sourceTree = "<group>";
		};
/* End PBXGroup section */

/* Begin PBXNativeTarget section */
		932CB72928CB856700E2D8F8 /* Zigzag */ = {
			isa = PBXNativeTarget;
			buildConfigurationList = 932CB73E28CB856A00E2D8F8 /* Build configuration list for PBXNativeTarget "Zigzag" */;
			buildPhases = (
				932CB72628CB856700E2D8F8 /* Sources */,
				932CB72728CB856700E2D8F8 /* Frameworks */,
				932CB72828CB856700E2D8F8 /* Resources */,
			);
			buildRules = (
			);
			dependencies = (
			);
			name = Zigzag;
			productName = Zigzag;
			productReference = 932CB72A28CB856700E2D8F8 /* Zigzag.app */;
			productType = "com.apple.product-type.application";
		};
/* End PBXNativeTarget section */

/* Begin PBXProject section */
		932CB72228CB856700E2D8F8 /* Project object */ = {
			isa = PBXProject;
			attributes = {
				BuildIndependentTargetsInParallel = 1;
				LastSwiftUpdateCheck = 1340;
				LastUpgradeCheck = 1340;
				TargetAttributes = {
					932CB72928CB856700E2D8F8 = {
						CreatedOnToolsVersion = 13.4.1;
					};
				};
			};
			buildConfigurationList = 932CB72528CB856700E2D8F8 /* Build configuration list for PBXProject "Zigzag" */;
			compatibilityVersion = "Xcode 13.0";
			developmentRegion = en;
			hasScannedForEncodings = 0;
			knownRegions = (
				en,
				Base,
			);
			mainGroup = 932CB72128CB856700E2D8F8;
			productRefGroup = 932CB72B28CB856700E2D8F8 /* Products */;
			projectDirPath = "";
			projectRoot = "";
			targets = (
				932CB72928CB856700E2D8F8 /* Zigzag */,
			);
		};
/* End PBXProject section */

/* Begin PBXResourcesBuildPhase section */
		932CB72828CB856700E2D8F8 /* Resources */ = {
			isa = PBXResourcesBuildPhase;
			buildActionMask = 2147483647;
			files = (
				932CB73A28CB856A00E2D8F8 /* LaunchScreen.storyboard in Resources */,
				932CB73728CB856A00E2D8F8 /* Assets.xcassets in Resources */,
			);
			runOnlyForDeploymentPostprocessing = 0;
		};
/* End PBXResourcesBuildPhase section */

/* Begin PBXSourcesBuildPhase section */
		932CB72628CB856700E2D8F8 /* Sources */ = {
			isa = PBXSourcesBuildPhase;
			buildActionMask = 2147483647;
			files = (
				936F7DAD28CF6239000445E2 /* BuscarViewController.swift in Sources */,
				931CC26728D15105006A7AA7 /* ExplorarCollectionViewTableViewCell.swift in Sources */,
				932CB73228CB856700E2D8F8 /* MainTabBarViewController.swift in Sources */,
				936F7DA828CF546B000445E2 /* UIView+Preview.swift in Sources */,
				93A3158328D0AFC800145AC8 /* ViewController.swift in Sources */,
				936F7DAA28CF5473000445E2 /* UIViewController+Preview.swift in Sources */,
				936F7DB128CF6287000445E2 /* SalvosViewController.swift in Sources */,
				936F7DAF28CF627C000445E2 /* ExplorarViewController.swift in Sources */,
				932CB72E28CB856700E2D8F8 /* AppDelegate.swift in Sources */,
				932CB73028CB856700E2D8F8 /* SceneDelegate.swift in Sources */,
			);
			runOnlyForDeploymentPostprocessing = 0;
		};
/* End PBXSourcesBuildPhase section */

/* Begin PBXVariantGroup section */
		932CB73828CB856A00E2D8F8 /* LaunchScreen.storyboard */ = {
			isa = PBXVariantGroup;
			children = (
				932CB73928CB856A00E2D8F8 /* Base */,
			);
			name = LaunchScreen.storyboard;
			sourceTree = "<group>";
		};
/* End PBXVariantGroup section */

/* Begin XCBuildConfiguration section */
		932CB73C28CB856A00E2D8F8 /* Debug */ = {
			isa = XCBuildConfiguration;
			buildSettings = {
				ALWAYS_SEARCH_USER_PATHS = NO;
				CLANG_ANALYZER_NONNULL = YES;
				CLANG_ANALYZER_NUMBER_OBJECT_CONVERSION = YES_AGGRESSIVE;
				CLANG_CXX_LANGUAGE_STANDARD = "gnu++17";
				CLANG_ENABLE_MODULES = YES;
				CLANG_ENABLE_OBJC_ARC = YES;
				CLANG_ENABLE_OBJC_WEAK = YES;
				CLANG_WARN_BLOCK_CAPTURE_AUTORELEASING = YES;
				CLANG_WARN_BOOL_CONVERSION = YES;
				CLANG_WARN_COMMA = YES;
				CLANG_WARN_CONSTANT_CONVERSION = YES;
				CLANG_WARN_DEPRECATED_OBJC_IMPLEMENTATIONS = YES;
				CLANG_WARN_DIRECT_OBJC_ISA_USAGE = YES_ERROR;
				CLANG_WARN_DOCUMENTATION_COMMENTS = YES;
				CLANG_WARN_EMPTY_BODY = YES;
				CLANG_WARN_ENUM_CONVERSION = YES;
				CLANG_WARN_INFINITE_RECURSION = YES;
				CLANG_WARN_INT_CONVERSION = YES;
				CLANG_WARN_NON_LITERAL_NULL_CONVERSION = YES;
				CLANG_WARN_OBJC_IMPLICIT_RETAIN_SELF = YES;
				CLANG_WARN_OBJC_LITERAL_CONVERSION = YES;
				CLANG_WARN_OBJC_ROOT_CLASS = YES_ERROR;
				CLANG_WARN_QUOTED_INCLUDE_IN_FRAMEWORK_HEADER = YES;
				CLANG_WARN_RANGE_LOOP_ANALYSIS = YES;
				CLANG_WARN_STRICT_PROTOTYPES = YES;
				CLANG_WARN_SUSPICIOUS_MOVE = YES;
				CLANG_WARN_UNGUARDED_AVAILABILITY = YES_AGGRESSIVE;
				CLANG_WARN_UNREACHABLE_CODE = YES;
				CLANG_WARN__DUPLICATE_METHOD_MATCH = YES;
				COPY_PHASE_STRIP = NO;
				DEBUG_INFORMATION_FORMAT = dwarf;
				ENABLE_STRICT_OBJC_MSGSEND = YES;
				ENABLE_TESTABILITY = YES;
				GCC_C_LANGUAGE_STANDARD = gnu11;
				GCC_DYNAMIC_NO_PIC = NO;
				GCC_NO_COMMON_BLOCKS = YES;
				GCC_OPTIMIZATION_LEVEL = 0;
				GCC_PREPROCESSOR_DEFINITIONS = (
					"DEBUG=1",
					"$(inherited)",
				);
				GCC_WARN_64_TO_32_BIT_CONVERSION = YES;
				GCC_WARN_ABOUT_RETURN_TYPE = YES_ERROR;
				GCC_WARN_UNDECLARED_SELECTOR = YES;
				GCC_WARN_UNINITIALIZED_AUTOS = YES_AGGRESSIVE;
				GCC_WARN_UNUSED_FUNCTION = YES;
				GCC_WARN_UNUSED_VARIABLE = YES;
				IPHONEOS_DEPLOYMENT_TARGET = 15.5;
				MTL_ENABLE_DEBUG_INFO = INCLUDE_SOURCE;
				MTL_FAST_MATH = YES;
				ONLY_ACTIVE_ARCH = YES;
				SDKROOT = iphoneos;
				SWIFT_ACTIVE_COMPILATION_CONDITIONS = DEBUG;
				SWIFT_OPTIMIZATION_LEVEL = "-Onone";
			};
			name = Debug;
		};
		932CB73D28CB856A00E2D8F8 /* Release */ = {
			isa = XCBuildConfiguration;
			buildSettings = {
				ALWAYS_SEARCH_USER_PATHS = NO;
				CLANG_ANALYZER_NONNULL = YES;
				CLANG_ANALYZER_NUMBER_OBJECT_CONVERSION = YES_AGGRESSIVE;
				CLANG_CXX_LANGUAGE_STANDARD = "gnu++17";
				CLANG_ENABLE_MODULES = YES;
				CLANG_ENABLE_OBJC_ARC = YES;
				CLANG_ENABLE_OBJC_WEAK = YES;
				CLANG_WARN_BLOCK_CAPTURE_AUTORELEASING = YES;
				CLANG_WARN_BOOL_CONVERSION = YES;
				CLANG_WARN_COMMA = YES;
				CLANG_WARN_CONSTANT_CONVERSION = YES;
				CLANG_WARN_DEPRECATED_OBJC_IMPLEMENTATIONS = YES;
				CLANG_WARN_DIRECT_OBJC_ISA_USAGE = YES_ERROR;
				CLANG_WARN_DOCUMENTATION_COMMENTS = YES;
				CLANG_WARN_EMPTY_BODY = YES;
				CLANG_WARN_ENUM_CONVERSION = YES;
				CLANG_WARN_INFINITE_RECURSION = YES;
				CLANG_WARN_INT_CONVERSION = YES;
				CLANG_WARN_NON_LITERAL_NULL_CONVERSION = YES;
				CLANG_WARN_OBJC_IMPLICIT_RETAIN_SELF = YES;
				CLANG_WARN_OBJC_LITERAL_CONVERSION = YES;
				CLANG_WARN_OBJC_ROOT_CLASS = YES_ERROR;
				CLANG_WARN_QUOTED_INCLUDE_IN_FRAMEWORK_HEADER = YES;
				CLANG_WARN_RANGE_LOOP_ANALYSIS = YES;
				CLANG_WARN_STRICT_PROTOTYPES = YES;
				CLANG_WARN_SUSPICIOUS_MOVE = YES;
				CLANG_WARN_UNGUARDED_AVAILABILITY = YES_AGGRESSIVE;
				CLANG_WARN_UNREACHABLE_CODE = YES;
				CLANG_WARN__DUPLICATE_METHOD_MATCH = YES;
				COPY_PHASE_STRIP = NO;
				DEBUG_INFORMATION_FORMAT = "dwarf-with-dsym";
				ENABLE_NS_ASSERTIONS = NO;
				ENABLE_STRICT_OBJC_MSGSEND = YES;
				GCC_C_LANGUAGE_STANDARD = gnu11;
				GCC_NO_COMMON_BLOCKS = YES;
				GCC_WARN_64_TO_32_BIT_CONVERSION = YES;
				GCC_WARN_ABOUT_RETURN_TYPE = YES_ERROR;
				GCC_WARN_UNDECLARED_SELECTOR = YES;
				GCC_WARN_UNINITIALIZED_AUTOS = YES_AGGRESSIVE;
				GCC_WARN_UNUSED_FUNCTION = YES;
				GCC_WARN_UNUSED_VARIABLE = YES;
				IPHONEOS_DEPLOYMENT_TARGET = 15.5;
				MTL_ENABLE_DEBUG_INFO = NO;
				MTL_FAST_MATH = YES;
				SDKROOT = iphoneos;
				SWIFT_COMPILATION_MODE = wholemodule;
				SWIFT_OPTIMIZATION_LEVEL = "-O";
				VALIDATE_PRODUCT = YES;
			};
			name = Release;
		};
		932CB73F28CB856A00E2D8F8 /* Debug */ = {
			isa = XCBuildConfiguration;
			buildSettings = {
				ASSETCATALOG_COMPILER_APPICON_NAME = AppIcon;
				ASSETCATALOG_COMPILER_GLOBAL_ACCENT_COLOR_NAME = AccentColor;
				CODE_SIGN_STYLE = Automatic;
				CURRENT_PROJECT_VERSION = 1;
				DEVELOPMENT_TEAM = 2WUBK8ZL5T;
				GENERATE_INFOPLIST_FILE = YES;
				INFOPLIST_FILE = Zigzag/Info.plist;
				INFOPLIST_KEY_UIApplicationSupportsIndirectInputEvents = YES;
				INFOPLIST_KEY_UILaunchStoryboardName = LaunchScreen;
				INFOPLIST_KEY_UISupportedInterfaceOrientations_iPad = "UIInterfaceOrientationPortrait UIInterfaceOrientationPortraitUpsideDown UIInterfaceOrientationLandscapeLeft UIInterfaceOrientationLandscapeRight";
				INFOPLIST_KEY_UISupportedInterfaceOrientations_iPhone = "UIInterfaceOrientationPortrait UIInterfaceOrientationLandscapeLeft UIInterfaceOrientationLandscapeRight";
				LD_RUNPATH_SEARCH_PATHS = (
					"$(inherited)",
					"@executable_path/Frameworks",
				);
				MARKETING_VERSION = 1.0;
				PRODUCT_BUNDLE_IDENTIFIER = Danielly.projetos.Zigzag;
				PRODUCT_NAME = "$(TARGET_NAME)";
				SWIFT_EMIT_LOC_STRINGS = YES;
				SWIFT_VERSION = 5.0;
				TARGETED_DEVICE_FAMILY = "1,2";
			};
			name = Debug;
		};
		932CB74028CB856A00E2D8F8 /* Release */ = {
			isa = XCBuildConfiguration;
			buildSettings = {
				ASSETCATALOG_COMPILER_APPICON_NAME = AppIcon;
				ASSETCATALOG_COMPILER_GLOBAL_ACCENT_COLOR_NAME = AccentColor;
				CODE_SIGN_STYLE = Automatic;
				CURRENT_PROJECT_VERSION = 1;
				DEVELOPMENT_TEAM = 2WUBK8ZL5T;
				GENERATE_INFOPLIST_FILE = YES;
				INFOPLIST_FILE = Zigzag/Info.plist;
				INFOPLIST_KEY_UIApplicationSupportsIndirectInputEvents = YES;
				INFOPLIST_KEY_UILaunchStoryboardName = LaunchScreen;
				INFOPLIST_KEY_UISupportedInterfaceOrientations_iPad = "UIInterfaceOrientationPortrait UIInterfaceOrientationPortraitUpsideDown UIInterfaceOrientationLandscapeLeft UIInterfaceOrientationLandscapeRight";
				INFOPLIST_KEY_UISupportedInterfaceOrientations_iPhone = "UIInterfaceOrientationPortrait UIInterfaceOrientationLandscapeLeft UIInterfaceOrientationLandscapeRight";
				LD_RUNPATH_SEARCH_PATHS = (
					"$(inherited)",
					"@executable_path/Frameworks",
				);
				MARKETING_VERSION = 1.0;
				PRODUCT_BUNDLE_IDENTIFIER = Danielly.projetos.Zigzag;
				PRODUCT_NAME = "$(TARGET_NAME)";
				SWIFT_EMIT_LOC_STRINGS = YES;
				SWIFT_VERSION = 5.0;
				TARGETED_DEVICE_FAMILY = "1,2";
			};
			name = Release;
		};
/* End XCBuildConfiguration section */

/* Begin XCConfigurationList section */
		932CB72528CB856700E2D8F8 /* Build configuration list for PBXProject "Zigzag" */ = {
			isa = XCConfigurationList;
			buildConfigurations = (
				932CB73C28CB856A00E2D8F8 /* Debug */,
				932CB73D28CB856A00E2D8F8 /* Release */,
			);
			defaultConfigurationIsVisible = 0;
			defaultConfigurationName = Release;
		};
		932CB73E28CB856A00E2D8F8 /* Build configuration list for PBXNativeTarget "Zigzag" */ = {
			isa = XCConfigurationList;
			buildConfigurations = (
				932CB73F28CB856A00E2D8F8 /* Debug */,
				932CB74028CB856A00E2D8F8 /* Release */,
			);
			defaultConfigurationIsVisible = 0;
			defaultConfigurationName = Release;
		};
/* End XCConfigurationList section */
	};
	rootObject = 932CB72228CB856700E2D8F8 /* Project object */;
}
